
Microsoft Visual Studio Solution File, Format Version 12.00
# Visual Studio Version 16
VisualStudioVersion = 16.0.31515.178
MinimumVisualStudioVersion = 10.0.40219.1
Project("{9A19103F-16F7-4668-BE54-9A1E7A4F7556}") = "Contentful.Core", "Contentful.Core\Contentful.Core.csproj", "{3E644B4A-7C03-46B7-8877-279A37B8BA74}"
EndProject
Project("{9A19103F-16F7-4668-BE54-9A1E7A4F7556}") = "Contentful.AspNetCore", "Contentful.AspNetCore\Contentful.AspNetCore.csproj", "{6D2387D9-B6A7-493E-9837-5CC39188D8B4}"
EndProject
Global
	GlobalSection(SolutionConfigurationPlatforms) = preSolution
		Debug|Any CPU = Debug|Any CPU
		Release|Any CPU = Release|Any CPU
	EndGlobalSection
	GlobalSection(ProjectConfigurationPlatforms) = postSolution
		{3E644B4A-7C03-46B7-8877-279A37B8BA74}.Debug|Any CPU.ActiveCfg = Debug|Any CPU
		{3E644B4A-7C03-46B7-8877-279A37B8BA74}.Debug|Any CPU.Build.0 = Debug|Any CPU
		{3E644B4A-7C03-46B7-8877-279A37B8BA74}.Release|Any CPU.ActiveCfg = Release|Any CPU
		{3E644B4A-7C03-46B7-8877-279A37B8BA74}.Release|Any CPU.Build.0 = Release|Any CPU
		{6D2387D9-B6A7-493E-9837-5CC39188D8B4}.Debug|Any CPU.ActiveCfg = Debug|Any CPU
		{6D2387D9-B6A7-493E-9837-5CC39188D8B4}.Debug|Any CPU.Build.0 = Debug|Any CPU
		{6D2387D9-B6A7-493E-9837-5CC39188D8B4}.Release|Any CPU.ActiveCfg = Release|Any CPU
		{6D2387D9-B6A7-493E-9837-5CC39188D8B4}.Release|Any CPU.Build.0 = Release|Any CPU
	EndGlobalSection
	GlobalSection(SolutionProperties) = preSolution
		HideSolutionNode = FALSE
	EndGlobalSection
	GlobalSection(ExtensibilityGlobals) = postSolution
		SolutionGuid = {D5FD452E-D001-4C71-B6CC-F9AFE8E7F99B}
	EndGlobalSection
EndGlobal
